
Microsoft Visual Studio Solution File, Format Version 12.00
# Visual Studio 15
Project("{FAE04EC0-301F-11D3-BF4B-00C04F79EFBC}") = "Assembly-CSharp", "Assembly-CSharp.csproj", "{2E777E42-9051-F163-22B1-09D5EB482265}"
EndProject
Project("{FAE04EC0-301F-11D3-BF4B-00C04F79EFBC}") = "Assembly-CSharp-Editor", "Assembly-CSharp-Editor.csproj", "{29BCFD6B-96BF-5B53-D382-59E2AA98A99D}"
EndProject
Global
	GlobalSection(SolutionConfigurationPlatforms) = preSolution
		Debug|Any CPU = Debug|Any CPU
		Release|Any CPU = Release|Any CPU
	EndGlobalSection
	GlobalSection(ProjectConfigurationPlatforms) = postSolution
		{2E777E42-9051-F163-22B1-09D5EB482265}.Debug|Any CPU.ActiveCfg = Debug|Any CPU
		{2E777E42-9051-F163-22B1-09D5EB482265}.Debug|Any CPU.Build.0 = Debug|Any CPU
		{2E777E42-9051-F163-22B1-09D5EB482265}.Release|Any CPU.ActiveCfg = Release|Any CPU
		{2E777E42-9051-F163-22B1-09D5EB482265}.Release|Any CPU.Build.0 = Release|Any CPU
		{29BCFD6B-96BF-5B53-D382-59E2AA98A99D}.Debug|Any CPU.ActiveCfg = Debug|Any CPU
		{29BCFD6B-96BF-5B53-D382-59E2AA98A99D}.Debug|Any CPU.Build.0 = Debug|Any CPU
		{29BCFD6B-96BF-5B53-D382-59E2AA98A99D}.Release|Any CPU.ActiveCfg = Release|Any CPU
		{29BCFD6B-96BF-5B53-D382-59E2AA98A99D}.Release|Any CPU.Build.0 = Release|Any CPU
	EndGlobalSection
	GlobalSection(SolutionProperties) = preSolution
		HideSolutionNode = FALSE
	EndGlobalSection
EndGlobal
